// !$*UTF8*$!
{
	archiveVersion = 1;
	classes = {
	};
	objectVersion = 46;
	objects = {

/* Begin PBXBuildFile section */
		2010FCE31797138B0092C107 /* UIKit.framework in Frameworks */ = {isa = PBXBuildFile; fileRef = 2010FCE21797138B0092C107 /* UIKit.framework */; };
		2010FCE51797138B0092C107 /* Foundation.framework in Frameworks */ = {isa = PBXBuildFile; fileRef = 2010FCE41797138B0092C107 /* Foundation.framework */; };
		2010FCE71797138B0092C107 /* CoreGraphics.framework in Frameworks */ = {isa = PBXBuildFile; fileRef = 2010FCE61797138B0092C107 /* CoreGraphics.framework */; };
		2010FD2117975E520092C107 /* AudioToolbox.framework in Frameworks */ = {isa = PBXBuildFile; fileRef = 2010FD2017975E520092C107 /* AudioToolbox.framework */; };
		2010FD2417975E5A0092C107 /* AddressBook.framework in Frameworks */ = {isa = PBXBuildFile; fileRef = 2010FD2217975E5A0092C107 /* AddressBook.framework */; };
		2010FD2517975E5A0092C107 /* AddressBookUI.framework in Frameworks */ = {isa = PBXBuildFile; fileRef = 2010FD2317975E5A0092C107 /* AddressBookUI.framework */; };
		2010FD2717975E640092C107 /* AVFoundation.framework in Frameworks */ = {isa = PBXBuildFile; fileRef = 2010FD2617975E630092C107 /* AVFoundation.framework */; };
		2010FD2917975E6C0092C107 /* CoreLocation.framework in Frameworks */ = {isa = PBXBuildFile; fileRef = 2010FD2817975E6C0092C107 /* CoreLocation.framework */; };
		2010FD2B17975E8E0092C107 /* MediaPlayer.framework in Frameworks */ = {isa = PBXBuildFile; fileRef = 2010FD2A17975E8E0092C107 /* MediaPlayer.framework */; };
		2010FD2D17975E940092C107 /* QuartzCore.framework in Frameworks */ = {isa = PBXBuildFile; fileRef = 2010FD2C17975E940092C107 /* QuartzCore.framework */; };
		2010FD2F17975E9D0092C107 /* SystemConfiguration.framework in Frameworks */ = {isa = PBXBuildFile; fileRef = 2010FD2E17975E9D0092C107 /* SystemConfiguration.framework */; };
		2010FD3117975EA60092C107 /* MobileCoreServices.framework in Frameworks */ = {isa = PBXBuildFile; fileRef = 2010FD3017975EA60092C107 /* MobileCoreServices.framework */; };
		2010FD3317975EB10092C107 /* CoreMedia.framework in Frameworks */ = {isa = PBXBuildFile; fileRef = 2010FD3217975EB10092C107 /* CoreMedia.framework */; };
		2010FD3517975ED90092C107 /* libCordova.a in Frameworks */ = {isa = PBXBuildFile; fileRef = 2010FD3417975ED90092C107 /* libCordova.a */; settings = {ATTRIBUTES = (Required, ); }; };
		2010FDC1179762230092C107 /* ImageIO.framework in Frameworks */ = {isa = PBXBuildFile; fileRef = 2010FDC0179762230092C107 /* ImageIO.framework */; };
		2010FDC3179762400092C107 /* AssetsLibrary.framework in Frameworks */ = {isa = PBXBuildFile; fileRef = 2010FDC2179762400092C107 /* AssetsLibrary.framework */; };
		2010FDC5179763A10092C107 /* www in Resources */ = {isa = PBXBuildFile; fileRef = 2010FDC4179763A10092C107 /* www */; };
		2052AF0317B28DB000D1071C /* active.png in Resources */ = {isa = PBXBuildFile; fileRef = 2052AEDD17B28DB000D1071C /* active.png */; };
		2052AF0417B28DB000D1071C /* active@2x.png in Resources */ = {isa = PBXBuildFile; fileRef = 2052AEDE17B28DB000D1071C /* active@2x.png */; };
		2052AF0517B28DB000D1071C /* AppDelegate.m in Sources */ = {isa = PBXBuildFile; fileRef = 2052AEE017B28DB000D1071C /* AppDelegate.m */; };
		2052AF0617B28DB000D1071C /* burger.png in Resources */ = {isa = PBXBuildFile; fileRef = 2052AEE117B28DB000D1071C /* burger.png */; };
		2052AF0717B28DB000D1071C /* burger@2x.png in Resources */ = {isa = PBXBuildFile; fileRef = 2052AEE217B28DB000D1071C /* burger@2x.png */; };
		2052AF0917B28DB000D1071C /* CoutureBienDebuter-Info.plist in Resources */ = {isa = PBXBuildFile; fileRef = 2052AEE517B28DB000D1071C /* CoutureBienDebuter-Info.plist */; };
		2052AF0A17B28DB000D1071C /* InfoPlist.strings in Resources */ = {isa = PBXBuildFile; fileRef = 2052AEE617B28DB000D1071C /* InfoPlist.strings */; };
		2052AF0B17B28DB000D1071C /* RootViewController.xib in Resources */ = {isa = PBXBuildFile; fileRef = 2052AEE817B28DB000D1071C /* RootViewController.xib */; };
		2052AF0C17B28DB000D1071C /* icon-72.png in Resources */ = {isa = PBXBuildFile; fileRef = 2052AEEC17B28DB000D1071C /* icon-72.png */; };
		2052AF0D17B28DB000D1071C /* icon-72@2x.png in Resources */ = {isa = PBXBuildFile; fileRef = 2052AEED17B28DB000D1071C /* icon-72@2x.png */; };
		2052AF0E17B28DB000D1071C /* main.m in Sources */ = {isa = PBXBuildFile; fileRef = 2052AEEE17B28DB000D1071C /* main.m */; };
		2052AF0F17B28DB000D1071C /* MasterViewController.m in Sources */ = {isa = PBXBuildFile; fileRef = 2052AEF017B28DB000D1071C /* MasterViewController.m */; };
		2052AF1017B28DB000D1071C /* RootViewController.m in Sources */ = {isa = PBXBuildFile; fileRef = 2052AEF217B28DB000D1071C /* RootViewController.m */; };
		2052AF1117B28DB000D1071C /* Default-568h@2x~iphone.png in Resources */ = {isa = PBXBuildFile; fileRef = 2052AEF417B28DB000D1071C /* Default-568h@2x~iphone.png */; };
		2052AF1217B28DB000D1071C /* Default-Landscape@2x~ipad.png in Resources */ = {isa = PBXBuildFile; fileRef = 2052AEF517B28DB000D1071C /* Default-Landscape@2x~ipad.png */; };
		2052AF1317B28DB000D1071C /* Default-Landscape~ipad.png in Resources */ = {isa = PBXBuildFile; fileRef = 2052AEF617B28DB000D1071C /* Default-Landscape~ipad.png */; };
		2052AF1417B28DB000D1071C /* Default-Portrait@2x~ipad.png in Resources */ = {isa = PBXBuildFile; fileRef = 2052AEF717B28DB000D1071C /* Default-Portrait@2x~ipad.png */; };
		2052AF1517B28DB000D1071C /* Default-Portrait~ipad.png in Resources */ = {isa = PBXBuildFile; fileRef = 2052AEF817B28DB000D1071C /* Default-Portrait~ipad.png */; };
		2052AF1617B28DB000D1071C /* Default@2x~iphone.png in Resources */ = {isa = PBXBuildFile; fileRef = 2052AEF917B28DB000D1071C /* Default@2x~iphone.png */; };
		2052AF1717B28DB000D1071C /* Default~iphone.png in Resources */ = {isa = PBXBuildFile; fileRef = 2052AEFA17B28DB000D1071C /* Default~iphone.png */; };
		2052AF1817B28DB000D1071C /* tap.png in Resources */ = {isa = PBXBuildFile; fileRef = 2052AEFB17B28DB000D1071C /* tap.png */; };
		2052AF1917B28DB000D1071C /* tap@2x.png in Resources */ = {isa = PBXBuildFile; fileRef = 2052AEFC17B28DB000D1071C /* tap@2x.png */; };
		2052AF1A17B28DB000D1071C /* UIMasterViewCell.m in Sources */ = {isa = PBXBuildFile; fileRef = 2052AEFE17B28DB000D1071C /* UIMasterViewCell.m */; };
		2052AF1B17B28DB000D1071C /* Vdnbrcupyyaykuzyblvvwuiwntx.ttf in Resources */ = {isa = PBXBuildFile; fileRef = 2052AEFF17B28DB000D1071C /* Vdnbrcupyyaykuzyblvvwuiwntx.ttf */; };
		2052AF1C17B28DB000D1071C /* ViewController.m in Sources */ = {isa = PBXBuildFile; fileRef = 2052AF0117B28DB000D1071C /* ViewController.m */; };
		2052AF1D17B28DB000D1071C /* Yrlxpowcjmaxlpvlfuedtlaekim.ttf in Resources */ = {isa = PBXBuildFile; fileRef = 2052AF0217B28DB000D1071C /* Yrlxpowcjmaxlpvlfuedtlaekim.ttf */; };
		2052AF1F17B28E2200D1071C /* config.xml in Resources */ = {isa = PBXBuildFile; fileRef = 2052AF1E17B28E2200D1071C /* config.xml */; };
		2052AF2117B298AE00D1071C /* icon-72.png in Resources */ = {isa = PBXBuildFile; fileRef = 2052AF2017B298AE00D1071C /* icon-72.png */; };
		2052AF2317B298B600D1071C /* icon-72@2x.png in Resources */ = {isa = PBXBuildFile; fileRef = 2052AF2217B298B600D1071C /* icon-72@2x.png */; };
		207E959B17AAD38900F3CE06 /* AppAvailability.m in Sources */ = {isa = PBXBuildFile; fileRef = 207E959917AAD25500F3CE06 /* AppAvailability.m */; };
		20E98D1117A6A4440085D7CA /* PinterestPlugin.m in Sources */ = {isa = PBXBuildFile; fileRef = 20E98D1017A6A4440085D7CA /* PinterestPlugin.m */; };
		20E98D1617A6A4EE0085D7CA /* Pinterest.framework in Frameworks */ = {isa = PBXBuildFile; fileRef = 20E98D1317A6A4EE0085D7CA /* Pinterest.framework */; };
		20E98D1717A6A4EE0085D7CA /* PinterestSDKResources.bundle in Resources */ = {isa = PBXBuildFile; fileRef = 20E98D1517A6A4EE0085D7CA /* PinterestSDKResources.bundle */; };
/* End PBXBuildFile section */

/* Begin PBXContainerItemProxy section */
		205B84FA1798038500CC10E2 /* PBXContainerItemProxy */ = {
			isa = PBXContainerItemProxy;
			containerPortal = 205B84F61798038500CC10E2 /* CordovaLib.xcodeproj */;
			proxyType = 2;
			remoteGlobalIDString = 68A32D7114102E1C006B237C;
			remoteInfo = CordovaLib;
		};
/* End PBXContainerItemProxy section */

/* Begin PBXFileReference section */
		2010FCDF1797138B0092C107 /* CoutureBienDebuter.app */ = {isa = PBXFileReference; explicitFileType = wrapper.application; includeInIndex = 0; path = CoutureBienDebuter.app; sourceTree = BUILT_PRODUCTS_DIR; };
		2010FCE21797138B0092C107 /* UIKit.framework */ = {isa = PBXFileReference; lastKnownFileType = wrapper.framework; name = UIKit.framework; path = System/Library/Frameworks/UIKit.framework; sourceTree = SDKROOT; };
		2010FCE41797138B0092C107 /* Foundation.framework */ = {isa = PBXFileReference; lastKnownFileType = wrapper.framework; name = Foundation.framework; path = System/Library/Frameworks/Foundation.framework; sourceTree = SDKROOT; };
		2010FCE61797138B0092C107 /* CoreGraphics.framework */ = {isa = PBXFileReference; lastKnownFileType = wrapper.framework; name = CoreGraphics.framework; path = System/Library/Frameworks/CoreGraphics.framework; sourceTree = SDKROOT; };
		2010FD2017975E520092C107 /* AudioToolbox.framework */ = {isa = PBXFileReference; lastKnownFileType = wrapper.framework; name = AudioToolbox.framework; path = System/Library/Frameworks/AudioToolbox.framework; sourceTree = SDKROOT; };
		2010FD2217975E5A0092C107 /* AddressBook.framework */ = {isa = PBXFileReference; lastKnownFileType = wrapper.framework; name = AddressBook.framework; path = System/Library/Frameworks/AddressBook.framework; sourceTree = SDKROOT; };
		2010FD2317975E5A0092C107 /* AddressBookUI.framework */ = {isa = PBXFileReference; lastKnownFileType = wrapper.framework; name = AddressBookUI.framework; path = System/Library/Frameworks/AddressBookUI.framework; sourceTree = SDKROOT; };
		2010FD2617975E630092C107 /* AVFoundation.framework */ = {isa = PBXFileReference; lastKnownFileType = wrapper.framework; name = AVFoundation.framework; path = System/Library/Frameworks/AVFoundation.framework; sourceTree = SDKROOT; };
		2010FD2817975E6C0092C107 /* CoreLocation.framework */ = {isa = PBXFileReference; lastKnownFileType = wrapper.framework; name = CoreLocation.framework; path = System/Library/Frameworks/CoreLocation.framework; sourceTree = SDKROOT; };
		2010FD2A17975E8E0092C107 /* MediaPlayer.framework */ = {isa = PBXFileReference; lastKnownFileType = wrapper.framework; name = MediaPlayer.framework; path = System/Library/Frameworks/MediaPlayer.framework; sourceTree = SDKROOT; };
		2010FD2C17975E940092C107 /* QuartzCore.framework */ = {isa = PBXFileReference; lastKnownFileType = wrapper.framework; name = QuartzCore.framework; path = System/Library/Frameworks/QuartzCore.framework; sourceTree = SDKROOT; };
		2010FD2E17975E9D0092C107 /* SystemConfiguration.framework */ = {isa = PBXFileReference; lastKnownFileType = wrapper.framework; name = SystemConfiguration.framework; path = System/Library/Frameworks/SystemConfiguration.framework; sourceTree = SDKROOT; };
		2010FD3017975EA60092C107 /* MobileCoreServices.framework */ = {isa = PBXFileReference; lastKnownFileType = wrapper.framework; name = MobileCoreServices.framework; path = System/Library/Frameworks/MobileCoreServices.framework; sourceTree = SDKROOT; };
		2010FD3217975EB10092C107 /* CoreMedia.framework */ = {isa = PBXFileReference; lastKnownFileType = wrapper.framework; name = CoreMedia.framework; path = System/Library/Frameworks/CoreMedia.framework; sourceTree = SDKROOT; };
		2010FD3417975ED90092C107 /* libCordova.a */ = {isa = PBXFileReference; lastKnownFileType = archive.ar; name = libCordova.a; path = "CordovaLib/build/Release-iphoneos/libCordova.a"; sourceTree = "<group>"; };
		2010FDC0179762230092C107 /* ImageIO.framework */ = {isa = PBXFileReference; lastKnownFileType = wrapper.framework; name = ImageIO.framework; path = System/Library/Frameworks/ImageIO.framework; sourceTree = SDKROOT; };
		2010FDC2179762400092C107 /* AssetsLibrary.framework */ = {isa = PBXFileReference; lastKnownFileType = wrapper.framework; name = AssetsLibrary.framework; path = System/Library/Frameworks/AssetsLibrary.framework; sourceTree = SDKROOT; };
		2010FDC4179763A10092C107 /* www */ = {isa = PBXFileReference; lastKnownFileType = folder; path = www; sourceTree = "<group>"; };
		2052AEDD17B28DB000D1071C /* active.png */ = {isa = PBXFileReference; lastKnownFileType = image.png; path = active.png; sourceTree = "<group>"; };
		2052AEDE17B28DB000D1071C /* active@2x.png */ = {isa = PBXFileReference; lastKnownFileType = image.png; path = "active@2x.png"; sourceTree = "<group>"; };
		2052AEDF17B28DB000D1071C /* AppDelegate.h */ = {isa = PBXFileReference; fileEncoding = 4; lastKnownFileType = sourcecode.c.h; path = AppDelegate.h; sourceTree = "<group>"; };
		2052AEE017B28DB000D1071C /* AppDelegate.m */ = {isa = PBXFileReference; fileEncoding = 4; lastKnownFileType = sourcecode.c.objc; path = AppDelegate.m; sourceTree = "<group>"; };
		2052AEE117B28DB000D1071C /* burger.png */ = {isa = PBXFileReference; lastKnownFileType = image.png; path = burger.png; sourceTree = "<group>"; };
		2052AEE217B28DB000D1071C /* burger@2x.png */ = {isa = PBXFileReference; lastKnownFileType = image.png; path = "burger@2x.png"; sourceTree = "<group>"; };
		2052AEE417B28DB000D1071C /* CoutureBienDebuter-Prefix.pch */ = {isa = PBXFileReference; fileEncoding = 4; lastKnownFileType = sourcecode.c.h; path = "CoutureBienDebuter-Prefix.pch"; sourceTree = "<group>"; };
		2052AEE517B28DB000D1071C /* CoutureBienDebuter-Info.plist */ = {isa = PBXFileReference; fileEncoding = 4; lastKnownFileType = text.plist.xml; path = "CoutureBienDebuter-Info.plist"; sourceTree = "<group>"; };
		2052AEE717B28DB000D1071C /* en */ = {isa = PBXFileReference; lastKnownFileType = text.plist.strings; name = en; path = en.lproj/InfoPlist.strings; sourceTree = "<group>"; };
		2052AEE917B28DB000D1071C /* en */ = {isa = PBXFileReference; lastKnownFileType = file.xib; name = en; path = en.lproj/RootViewController.xib; sourceTree = "<group>"; };
		2052AEEA17B28DB000D1071C /* Globals.h */ = {isa = PBXFileReference; fileEncoding = 4; lastKnownFileType = sourcecode.c.h; path = Globals.h; sourceTree = "<group>"; };
		2052AEEC17B28DB000D1071C /* icon-72.png */ = {isa = PBXFileReference; lastKnownFileType = image.png; path = "icon-72.png"; sourceTree = "<group>"; };
		2052AEED17B28DB000D1071C /* icon-72@2x.png */ = {isa = PBXFileReference; lastKnownFileType = image.png; path = "icon-72@2x.png"; sourceTree = "<group>"; };
		2052AEEE17B28DB000D1071C /* main.m */ = {isa = PBXFileReference; fileEncoding = 4; lastKnownFileType = sourcecode.c.objc; path = main.m; sourceTree = "<group>"; };
		2052AEEF17B28DB000D1071C /* MasterViewController.h */ = {isa = PBXFileReference; fileEncoding = 4; lastKnownFileType = sourcecode.c.h; path = MasterViewController.h; sourceTree = "<group>"; };
		2052AEF017B28DB000D1071C /* MasterViewController.m */ = {isa = PBXFileReference; fileEncoding = 4; lastKnownFileType = sourcecode.c.objc; path = MasterViewController.m; sourceTree = "<group>"; };
		2052AEF117B28DB000D1071C /* RootViewController.h */ = {isa = PBXFileReference; fileEncoding = 4; lastKnownFileType = sourcecode.c.h; path = RootViewController.h; sourceTree = "<group>"; };
		2052AEF217B28DB000D1071C /* RootViewController.m */ = {isa = PBXFileReference; fileEncoding = 4; lastKnownFileType = sourcecode.c.objc; path = RootViewController.m; sourceTree = "<group>"; };
		2052AEF417B28DB000D1071C /* Default-568h@2x~iphone.png */ = {isa = PBXFileReference; lastKnownFileType = image.png; path = "Default-568h@2x~iphone.png"; sourceTree = "<group>"; };
		2052AEF517B28DB000D1071C /* Default-Landscape@2x~ipad.png */ = {isa = PBXFileReference; lastKnownFileType = image.png; path = "Default-Landscape@2x~ipad.png"; sourceTree = "<group>"; };
		2052AEF617B28DB000D1071C /* Default-Landscape~ipad.png */ = {isa = PBXFileReference; lastKnownFileType = image.png; path = "Default-Landscape~ipad.png"; sourceTree = "<group>"; };
		2052AEF717B28DB000D1071C /* Default-Portrait@2x~ipad.png */ = {isa = PBXFileReference; lastKnownFileType = image.png; path = "Default-Portrait@2x~ipad.png"; sourceTree = "<group>"; };
		2052AEF817B28DB000D1071C /* Default-Portrait~ipad.png */ = {isa = PBXFileReference; lastKnownFileType = image.png; path = "Default-Portrait~ipad.png"; sourceTree = "<group>"; };
		2052AEF917B28DB000D1071C /* Default@2x~iphone.png */ = {isa = PBXFileReference; lastKnownFileType = image.png; path = "Default@2x~iphone.png"; sourceTree = "<group>"; };
		2052AEFA17B28DB000D1071C /* Default~iphone.png */ = {isa = PBXFileReference; lastKnownFileType = image.png; path = "Default~iphone.png"; sourceTree = "<group>"; };
		2052AEFB17B28DB000D1071C /* tap.png */ = {isa = PBXFileReference; lastKnownFileType = image.png; path = tap.png; sourceTree = "<group>"; };
		2052AEFC17B28DB000D1071C /* tap@2x.png */ = {isa = PBXFileReference; lastKnownFileType = image.png; path = "tap@2x.png"; sourceTree = "<group>"; };
		2052AEFD17B28DB000D1071C /* UIMasterViewCell.h */ = {isa = PBXFileReference; fileEncoding = 4; lastKnownFileType = sourcecode.c.h; path = UIMasterViewCell.h; sourceTree = "<group>"; };
		2052AEFE17B28DB000D1071C /* UIMasterViewCell.m */ = {isa = PBXFileReference; fileEncoding = 4; lastKnownFileType = sourcecode.c.objc; path = UIMasterViewCell.m; sourceTree = "<group>"; };
		2052AEFF17B28DB000D1071C /* Vdnbrcupyyaykuzyblvvwuiwntx.ttf */ = {isa = PBXFileReference; lastKnownFileType = file; path = Vdnbrcupyyaykuzyblvvwuiwntx.ttf; sourceTree = "<group>"; };
		2052AF0017B28DB000D1071C /* ViewController.h */ = {isa = PBXFileReference; fileEncoding = 4; lastKnownFileType = sourcecode.c.h; path = ViewController.h; sourceTree = "<group>"; };
		2052AF0117B28DB000D1071C /* ViewController.m */ = {isa = PBXFileReference; fileEncoding = 4; lastKnownFileType = sourcecode.c.objc; path = ViewController.m; sourceTree = "<group>"; };
		2052AF0217B28DB000D1071C /* Yrlxpowcjmaxlpvlfuedtlaekim.ttf */ = {isa = PBXFileReference; lastKnownFileType = file; path = Yrlxpowcjmaxlpvlfuedtlaekim.ttf; sourceTree = "<group>"; };
		2052AF1E17B28E2200D1071C /* config.xml */ = {isa = PBXFileReference; fileEncoding = 4; lastKnownFileType = text.xml; name = config.xml; path = CoutureBienDebuter/config.xml; sourceTree = "<group>"; };
		2052AF2017B298AE00D1071C /* icon-72.png */ = {isa = PBXFileReference; lastKnownFileType = image.png; path = "icon-72.png"; sourceTree = "<group>"; };
		2052AF2217B298B600D1071C /* icon-72@2x.png */ = {isa = PBXFileReference; lastKnownFileType = image.png; path = "icon-72@2x.png"; sourceTree = "<group>"; };
		205B84F61798038500CC10E2 /* CordovaLib.xcodeproj */ = {isa = PBXFileReference; lastKnownFileType = "wrapper.pb-project"; name = CordovaLib.xcodeproj; path = CordovaLib/CordovaLib.xcodeproj; sourceTree = "<group>"; };
		207E959817AAD25500F3CE06 /* AppAvailability.h */ = {isa = PBXFileReference; lastKnownFileType = sourcecode.c.h; path = AppAvailability.h; sourceTree = "<group>"; };
		207E959917AAD25500F3CE06 /* AppAvailability.m */ = {isa = PBXFileReference; lastKnownFileType = sourcecode.c.objc; path = AppAvailability.m; sourceTree = "<group>"; };
		20E98D0F17A6A4440085D7CA /* PinterestPlugin.h */ = {isa = PBXFileReference; fileEncoding = 4; lastKnownFileType = sourcecode.c.h; path = PinterestPlugin.h; sourceTree = "<group>"; };
		20E98D1017A6A4440085D7CA /* PinterestPlugin.m */ = {isa = PBXFileReference; fileEncoding = 4; lastKnownFileType = sourcecode.c.objc; path = PinterestPlugin.m; sourceTree = "<group>"; };
		20E98D1317A6A4EE0085D7CA /* Pinterest.framework */ = {isa = PBXFileReference; lastKnownFileType = wrapper.framework; path = Pinterest.framework; sourceTree = "<group>"; };
		20E98D1517A6A4EE0085D7CA /* PinterestSDKResources.bundle */ = {isa = PBXFileReference; lastKnownFileType = "wrapper.plug-in"; path = PinterestSDKResources.bundle; sourceTree = "<group>"; };
/* End PBXFileReference section */

/* Begin PBXFrameworksBuildPhase section */
		2010FCDC1797138B0092C107 /* Frameworks */ = {
			isa = PBXFrameworksBuildPhase;
			buildActionMask = 2147483647;
			files = (
				2010FD3517975ED90092C107 /* libCordova.a in Frameworks */,
				2010FDC3179762400092C107 /* AssetsLibrary.framework in Frameworks */,
				2010FDC1179762230092C107 /* ImageIO.framework in Frameworks */,
				2010FD3317975EB10092C107 /* CoreMedia.framework in Frameworks */,
				2010FD3117975EA60092C107 /* MobileCoreServices.framework in Frameworks */,
				2010FD2F17975E9D0092C107 /* SystemConfiguration.framework in Frameworks */,
				2010FD2D17975E940092C107 /* QuartzCore.framework in Frameworks */,
				2010FD2B17975E8E0092C107 /* MediaPlayer.framework in Frameworks */,
				2010FD2917975E6C0092C107 /* CoreLocation.framework in Frameworks */,
				2010FD2717975E640092C107 /* AVFoundation.framework in Frameworks */,
				2010FD2417975E5A0092C107 /* AddressBook.framework in Frameworks */,
				2010FD2517975E5A0092C107 /* AddressBookUI.framework in Frameworks */,
				2010FD2117975E520092C107 /* AudioToolbox.framework in Frameworks */,
				2010FCE31797138B0092C107 /* UIKit.framework in Frameworks */,
				2010FCE51797138B0092C107 /* Foundation.framework in Frameworks */,
				2010FCE71797138B0092C107 /* CoreGraphics.framework in Frameworks */,
				20E98D1617A6A4EE0085D7CA /* Pinterest.framework in Frameworks */,
			);
			runOnlyForDeploymentPostprocessing = 0;
		};
/* End PBXFrameworksBuildPhase section */

/* Begin PBXGroup section */
		2010FCD61797138B0092C107 = {
			isa = PBXGroup;
			children = (
				2052AF2217B298B600D1071C /* icon-72@2x.png */,
				2052AF2017B298AE00D1071C /* icon-72.png */,
				205B84F61798038500CC10E2 /* CordovaLib.xcodeproj */,
				2052AF1E17B28E2200D1071C /* config.xml */,
				2010FDC4179763A10092C107 /* www */,
				20E98D1217A6A4EE0085D7CA /* Pinterest.embeddedframework */,
				20E98D0E17A6A4440085D7CA /* Plugins */,
				2010FD3417975ED90092C107 /* libCordova.a */,
				2052AEDC17B28DB000D1071C /* CoutureBienDebuter */,
				2010FCE11797138B0092C107 /* Frameworks */,
				2010FCE01797138B0092C107 /* Products */,
			);
			sourceTree = "<group>";
		};
		2010FCE01797138B0092C107 /* Products */ = {
			isa = PBXGroup;
			children = (
				2010FCDF1797138B0092C107 /* CoutureBienDebuter.app */,
			);
			name = Products;
			sourceTree = "<group>";
		};
		2010FCE11797138B0092C107 /* Frameworks */ = {
			isa = PBXGroup;
			children = (
				2010FDC2179762400092C107 /* AssetsLibrary.framework */,
				2010FDC0179762230092C107 /* ImageIO.framework */,
				2010FD3217975EB10092C107 /* CoreMedia.framework */,
				2010FD3017975EA60092C107 /* MobileCoreServices.framework */,
				2010FD2E17975E9D0092C107 /* SystemConfiguration.framework */,
				2010FD2C17975E940092C107 /* QuartzCore.framework */,
				2010FD2A17975E8E0092C107 /* MediaPlayer.framework */,
				2010FD2817975E6C0092C107 /* CoreLocation.framework */,
				2010FD2617975E630092C107 /* AVFoundation.framework */,
				2010FD2217975E5A0092C107 /* AddressBook.framework */,
				2010FD2317975E5A0092C107 /* AddressBookUI.framework */,
				2010FD2017975E520092C107 /* AudioToolbox.framework */,
				2010FCE21797138B0092C107 /* UIKit.framework */,
				2010FCE41797138B0092C107 /* Foundation.framework */,
				2010FCE61797138B0092C107 /* CoreGraphics.framework */,
			);
			name = Frameworks;
			sourceTree = "<group>";
		};
		2052AEDC17B28DB000D1071C /* CoutureBienDebuter */ = {
			isa = PBXGroup;
			children = (
				2052AEDD17B28DB000D1071C /* active.png */,
				2052AEDE17B28DB000D1071C /* active@2x.png */,
				2052AEDF17B28DB000D1071C /* AppDelegate.h */,
				2052AEE017B28DB000D1071C /* AppDelegate.m */,
				2052AEE117B28DB000D1071C /* burger.png */,
				2052AEE217B28DB000D1071C /* burger@2x.png */,
				2052AEE417B28DB000D1071C /* CoutureBienDebuter-Prefix.pch */,
				2052AEE517B28DB000D1071C /* CoutureBienDebuter-Info.plist */,
				2052AEE617B28DB000D1071C /* InfoPlist.strings */,
				2052AEE817B28DB000D1071C /* RootViewController.xib */,
				2052AEEA17B28DB000D1071C /* Globals.h */,
				2052AEEB17B28DB000D1071C /* icons */,
				2052AEEE17B28DB000D1071C /* main.m */,
				2052AEEF17B28DB000D1071C /* MasterViewController.h */,
				2052AEF017B28DB000D1071C /* MasterViewController.m */,
				2052AEF117B28DB000D1071C /* RootViewController.h */,
				2052AEF217B28DB000D1071C /* RootViewController.m */,
				2052AEF317B28DB000D1071C /* splash */,
				2052AEFB17B28DB000D1071C /* tap.png */,
				2052AEFC17B28DB000D1071C /* tap@2x.png */,
				2052AEFD17B28DB000D1071C /* UIMasterViewCell.h */,
				2052AEFE17B28DB000D1071C /* UIMasterViewCell.m */,
				2052AEFF17B28DB000D1071C /* Vdnbrcupyyaykuzyblvvwuiwntx.ttf */,
				2052AF0017B28DB000D1071C /* ViewController.h */,
				2052AF0117B28DB000D1071C /* ViewController.m */,
				2052AF0217B28DB000D1071C /* Yrlxpowcjmaxlpvlfuedtlaekim.ttf */,
			);
			path = CoutureBienDebuter;
			sourceTree = "<group>";
		};
		2052AEEB17B28DB000D1071C /* icons */ = {
			isa = PBXGroup;
			children = (
				2052AEEC17B28DB000D1071C /* icon-72.png */,
				2052AEED17B28DB000D1071C /* icon-72@2x.png */,
			);
			path = icons;
			sourceTree = "<group>";
		};
		2052AEF317B28DB000D1071C /* splash */ = {
			isa = PBXGroup;
			children = (
				2052AEF417B28DB000D1071C /* Default-568h@2x~iphone.png */,
				2052AEF517B28DB000D1071C /* Default-Landscape@2x~ipad.png */,
				2052AEF617B28DB000D1071C /* Default-Landscape~ipad.png */,
				2052AEF717B28DB000D1071C /* Default-Portrait@2x~ipad.png */,
				2052AEF817B28DB000D1071C /* Default-Portrait~ipad.png */,
				2052AEF917B28DB000D1071C /* Default@2x~iphone.png */,
				2052AEFA17B28DB000D1071C /* Default~iphone.png */,
			);
			path = splash;
			sourceTree = "<group>";
		};
		205B84F71798038500CC10E2 /* Products */ = {
			isa = PBXGroup;
			children = (
				205B84FB1798038500CC10E2 /* libCordova.a */,
			);
			name = Products;
			sourceTree = "<group>";
		};
		20E98D0E17A6A4440085D7CA /* Plugins */ = {
			isa = PBXGroup;
			children = (
				207E959817AAD25500F3CE06 /* AppAvailability.h */,
				207E959917AAD25500F3CE06 /* AppAvailability.m */,
				20E98D0F17A6A4440085D7CA /* PinterestPlugin.h */,
				20E98D1017A6A4440085D7CA /* PinterestPlugin.m */,
			);
			path = Plugins;
			sourceTree = "<group>";
		};
		20E98D1217A6A4EE0085D7CA /* Pinterest.embeddedframework */ = {
			isa = PBXGroup;
			children = (
				20E98D1317A6A4EE0085D7CA /* Pinterest.framework */,
				20E98D1417A6A4EE0085D7CA /* Resources */,
			);
			path = Pinterest.embeddedframework;
			sourceTree = "<group>";
		};
		20E98D1417A6A4EE0085D7CA /* Resources */ = {
			isa = PBXGroup;
			children = (
				20E98D1517A6A4EE0085D7CA /* PinterestSDKResources.bundle */,
			);
			path = Resources;
			sourceTree = "<group>";
		};
/* End PBXGroup section */

/* Begin PBXNativeTarget section */
		2010FCDE1797138B0092C107 /* CoutureBienDebuter */ = {
			isa = PBXNativeTarget;
			buildConfigurationList = 2010FD021797138B0092C107 /* Build configuration list for PBXNativeTarget "CoutureBienDebuter" */;
			buildPhases = (
				2010FCDB1797138B0092C107 /* Sources */,
				2010FCDC1797138B0092C107 /* Frameworks */,
				2010FCDD1797138B0092C107 /* Resources */,
			);
			buildRules = (
			);
			dependencies = (
			);
			name = CoutureBienDebuter;
			productName = CoutureBienDebuter;
			productReference = 2010FCDF1797138B0092C107 /* CoutureBienDebuter.app */;
			productType = "com.apple.product-type.application";
		};
/* End PBXNativeTarget section */

/* Begin PBXProject section */
		2010FCD71797138B0092C107 /* Project object */ = {
			isa = PBXProject;
			attributes = {
				LastUpgradeCheck = 0460;
				ORGANIZATIONNAME = "Citronours media";
			};
			buildConfigurationList = 2010FCDA1797138B0092C107 /* Build configuration list for PBXProject "CoutureBienDebuter" */;
			compatibilityVersion = "Xcode 3.2";
			developmentRegion = English;
			hasScannedForEncodings = 0;
			knownRegions = (
				en,
			);
			mainGroup = 2010FCD61797138B0092C107;
			productRefGroup = 2010FCE01797138B0092C107 /* Products */;
			projectDirPath = "";
			projectReferences = (
				{
					ProductGroup = 205B84F71798038500CC10E2 /* Products */;
					ProjectRef = 205B84F61798038500CC10E2 /* CordovaLib.xcodeproj */;
				},
			);
			projectRoot = "";
			targets = (
				2010FCDE1797138B0092C107 /* CoutureBienDebuter */,
			);
		};
/* End PBXProject section */

/* Begin PBXReferenceProxy section */
		205B84FB1798038500CC10E2 /* libCordova.a */ = {
			isa = PBXReferenceProxy;
			fileType = archive.ar;
			path = libCordova.a;
			remoteRef = 205B84FA1798038500CC10E2 /* PBXContainerItemProxy */;
			sourceTree = BUILT_PRODUCTS_DIR;
		};
/* End PBXReferenceProxy section */

/* Begin PBXResourcesBuildPhase section */
		2010FCDD1797138B0092C107 /* Resources */ = {
			isa = PBXResourcesBuildPhase;
			buildActionMask = 2147483647;
			files = (
				2010FDC5179763A10092C107 /* www in Resources */,
				20E98D1717A6A4EE0085D7CA /* PinterestSDKResources.bundle in Resources */,
				2052AF0317B28DB000D1071C /* active.png in Resources */,
				2052AF0417B28DB000D1071C /* active@2x.png in Resources */,
				2052AF0617B28DB000D1071C /* burger.png in Resources */,
				2052AF0717B28DB000D1071C /* burger@2x.png in Resources */,
				2052AF0917B28DB000D1071C /* CoutureBienDebuter-Info.plist in Resources */,
				2052AF0A17B28DB000D1071C /* InfoPlist.strings in Resources */,
				2052AF0B17B28DB000D1071C /* RootViewController.xib in Resources */,
				2052AF0C17B28DB000D1071C /* icon-72.png in Resources */,
				2052AF0D17B28DB000D1071C /* icon-72@2x.png in Resources */,
				2052AF1117B28DB000D1071C /* Default-568h@2x~iphone.png in Resources */,
				2052AF1217B28DB000D1071C /* Default-Landscape@2x~ipad.png in Resources */,
				2052AF1317B28DB000D1071C /* Default-Landscape~ipad.png in Resources */,
				2052AF1417B28DB000D1071C /* Default-Portrait@2x~ipad.png in Resources */,
				2052AF1517B28DB000D1071C /* Default-Portrait~ipad.png in Resources */,
				2052AF1617B28DB000D1071C /* Default@2x~iphone.png in Resources */,
				2052AF1717B28DB000D1071C /* Default~iphone.png in Resources */,
				2052AF1817B28DB000D1071C /* tap.png in Resources */,
				2052AF1917B28DB000D1071C /* tap@2x.png in Resources */,
				2052AF1B17B28DB000D1071C /* Vdnbrcupyyaykuzyblvvwuiwntx.ttf in Resources */,
				2052AF1D17B28DB000D1071C /* Yrlxpowcjmaxlpvlfuedtlaekim.ttf in Resources */,
				2052AF1F17B28E2200D1071C /* config.xml in Resources */,
				2052AF2117B298AE00D1071C /* icon-72.png in Resources */,
				2052AF2317B298B600D1071C /* icon-72@2x.png in Resources */,
			);
			runOnlyForDeploymentPostprocessing = 0;
		};
/* End PBXResourcesBuildPhase section */

/* Begin PBXSourcesBuildPhase section */
		2010FCDB1797138B0092C107 /* Sources */ = {
			isa = PBXSourcesBuildPhase;
			buildActionMask = 2147483647;
			files = (
				207E959B17AAD38900F3CE06 /* AppAvailability.m in Sources */,
				20E98D1117A6A4440085D7CA /* PinterestPlugin.m in Sources */,
				2052AF0517B28DB000D1071C /* AppDelegate.m in Sources */,
				2052AF0E17B28DB000D1071C /* main.m in Sources */,
				2052AF0F17B28DB000D1071C /* MasterViewController.m in Sources */,
				2052AF1017B28DB000D1071C /* RootViewController.m in Sources */,
				2052AF1A17B28DB000D1071C /* UIMasterViewCell.m in Sources */,
				2052AF1C17B28DB000D1071C /* ViewController.m in Sources */,
			);
			runOnlyForDeploymentPostprocessing = 0;
		};
/* End PBXSourcesBuildPhase section */

/* Begin PBXVariantGroup section */
		2052AEE617B28DB000D1071C /* InfoPlist.strings */ = {
			isa = PBXVariantGroup;
			children = (
				2052AEE717B28DB000D1071C /* en */,
			);
			name = InfoPlist.strings;
			sourceTree = "<group>";
		};
		2052AEE817B28DB000D1071C /* RootViewController.xib */ = {
			isa = PBXVariantGroup;
			children = (
				2052AEE917B28DB000D1071C /* en */,
			);
			name = RootViewController.xib;
			sourceTree = "<group>";
		};
/* End PBXVariantGroup section */

/* Begin XCBuildConfiguration section */
		2010FD001797138B0092C107 /* Debug */ = {
			isa = XCBuildConfiguration;
			buildSettings = {
				ALWAYS_SEARCH_USER_PATHS = NO;
				CLANG_CXX_LANGUAGE_STANDARD = "gnu++0x";
				CLANG_CXX_LIBRARY = "libc++";
				CLANG_WARN_CONSTANT_CONVERSION = YES;
				CLANG_WARN_EMPTY_BODY = YES;
				CLANG_WARN_ENUM_CONVERSION = YES;
				CLANG_WARN_INT_CONVERSION = YES;
				CLANG_WARN__DUPLICATE_METHOD_MATCH = YES;
				"CODE_SIGN_IDENTITY[sdk=iphoneos*]" = "iPhone Developer";
				COPY_PHASE_STRIP = NO;
				GCC_C_LANGUAGE_STANDARD = gnu99;
				GCC_DYNAMIC_NO_PIC = NO;
				GCC_OPTIMIZATION_LEVEL = 0;
				GCC_PREPROCESSOR_DEFINITIONS = (
					"DEBUG=1",
					"$(inherited)",
				);
				GCC_SYMBOLS_PRIVATE_EXTERN = NO;
				GCC_WARN_ABOUT_RETURN_TYPE = YES;
				GCC_WARN_UNINITIALIZED_AUTOS = YES;
				GCC_WARN_UNUSED_VARIABLE = YES;
				IPHONEOS_DEPLOYMENT_TARGET = 5.1;
				ONLY_ACTIVE_ARCH = YES;
				SDKROOT = iphoneos;
				TARGETED_DEVICE_FAMILY = 2;
			};
			name = Debug;
		};
		2010FD011797138B0092C107 /* Release */ = {
			isa = XCBuildConfiguration;
			buildSettings = {
				ALWAYS_SEARCH_USER_PATHS = NO;
				CLANG_CXX_LANGUAGE_STANDARD = "gnu++0x";
				CLANG_CXX_LIBRARY = "libc++";
				CLANG_WARN_CONSTANT_CONVERSION = YES;
				CLANG_WARN_EMPTY_BODY = YES;
				CLANG_WARN_ENUM_CONVERSION = YES;
				CLANG_WARN_INT_CONVERSION = YES;
				CLANG_WARN__DUPLICATE_METHOD_MATCH = YES;
				"CODE_SIGN_IDENTITY[sdk=iphoneos*]" = "iPhone Developer";
				COPY_PHASE_STRIP = YES;
				GCC_C_LANGUAGE_STANDARD = gnu99;
				GCC_WARN_ABOUT_RETURN_TYPE = YES;
				GCC_WARN_UNINITIALIZED_AUTOS = YES;
				GCC_WARN_UNUSED_VARIABLE = YES;
				IPHONEOS_DEPLOYMENT_TARGET = 5.1;
				OTHER_CFLAGS = "-DNS_BLOCK_ASSERTIONS=1";
				SDKROOT = iphoneos;
				TARGETED_DEVICE_FAMILY = 2;
				VALIDATE_PRODUCT = YES;
			};
			name = Release;
		};
		2010FD031797138B0092C107 /* Debug */ = {
			isa = XCBuildConfiguration;
			buildSettings = {
				FRAMEWORK_SEARCH_PATHS = (
					"$(inherited)",
					"\"$(SRCROOT)/Pinterest.embeddedframework\"",
				);
				GCC_PRECOMPILE_PREFIX_HEADER = YES;
				GCC_PREFIX_HEADER = "CoutureBienDebuter/CoutureBienDebuter-Prefix.pch";
				HEADER_SEARCH_PATHS = (
					"“$(BUILT_PRODUCTS_DIR)”",
					"“$(OBJROOT)/UninstalledProducts/include”",
					"“$(TARGET_BUILD_DIR)/usr/local/lib/include”",
				);
				INFOPLIST_FILE = "$(SRCROOT)/CoutureBienDebuter/CoutureBienDebuterienDebuter-Info.plist";
				IPHONEOS_DEPLOYMENT_TARGET = 5.1;
				OTHER_LDFLAGS = (
					"-Obj-C",
					"-all_load",
				);
				PRODUCT_NAME = CoutureBienDebuter;
				TARGETED_DEVICE_FAMILY = 2;
				USER_HEADER_SEARCH_PATHS = "$(PROJECT_TEMP_DIR)/../UninstalledProducts/include/**";
				WRAPPER_EXTENSION = app;
			};
			name = Debug;
		};
		2010FD041797138B0092C107 /* Release */ = {
			isa = XCBuildConfiguration;
			buildSettings = {
				CODE_SIGN_IDENTITY = "iPhone Developer: Amelie Morin Fontaine (4ZT7N33974)";
				FRAMEWORK_SEARCH_PATHS = (
					"$(inherited)",
					"\"$(SRCROOT)/Pinterest.embeddedframework\"",
				);
				GCC_PRECOMPILE_PREFIX_HEADER = YES;
				GCC_PREFIX_HEADER = "CoutureBienDebuter/CoutureBienDebuter-Prefix.pch";
				HEADER_SEARCH_PATHS = (
					"“$(BUILT_PRODUCTS_DIR)”",
					"“$(OBJROOT)/UninstalledProducts/include”",
					"“$(TARGET_BUILD_DIR)/usr/local/lib/include”",
				);
				INFOPLIST_FILE = "$(SRCROOT)/CoutureBienDebuter/CoutureBienDebuterienDebuter-Info.plist";
				IPHONEOS_DEPLOYMENT_TARGET = 5.1;
				OTHER_LDFLAGS = (
					"-Obj-C",
					"-all_load",
				);
				PRODUCT_NAME = CoutureBienDebuter;
				PROVISIONING_PROFILE = "94F15803-B7AE-4712-8CC7-E7E82142F6EC";
				TARGETED_DEVICE_FAMILY = 2;
				USER_HEADER_SEARCH_PATHS = "$(PROJECT_TEMP_DIR)/../UninstalledProducts/include/**";
				WRAPPER_EXTENSION = app;
			};
			name = Release;
		};
/* End XCBuildConfiguration section */

/* Begin XCConfigurationList section */
		2010FCDA1797138B0092C107 /* Build configuration list for PBXProject "CoutureBienDebuter" */ = {
			isa = XCConfigurationList;
			buildConfigurations = (
				2010FD001797138B0092C107 /* Debug */,
				2010FD011797138B0092C107 /* Release */,
			);
			defaultConfigurationIsVisible = 0;
			defaultConfigurationName = Release;
		};
		2010FD021797138B0092C107 /* Build configuration list for PBXNativeTarget "CoutureBienDebuter" */ = {
			isa = XCConfigurationList;
			buildConfigurations = (
				2010FD031797138B0092C107 /* Debug */,
				2010FD041797138B0092C107 /* Release */,
			);
			defaultConfigurationIsVisible = 0;
			defaultConfigurationName = Release;
		};
/* End XCConfigurationList section */
	};
	rootObject = 2010FCD71797138B0092C107 /* Project object */;
}
